go.seankhliao.com/testrepo0231 v0.1.0 h1:xZbyx0QgC84WmBGPyaNmHpeDkOIq9s5mwfhTUzqotIc=
go.seankhliao.com/testrepo0231 v0.1.0/go.mod h1:B3alZeAZFTJ+acZuZN7FeUY954UavKPii1J2KaAzINQ=
go.seankhliao.com/testrepo0232 v0.1.0 h1:ZEgyKqFMgoZSsvjEqfoVbRtgko4ilp37pFR/NMct/2Q=
go.seankhliao.com/testrepo0232 v0.1.0/go.mod h1:tQLGdWUiIT5TauIXbh9+T/pXG+x1PwrmAEOfeZvGqi8=
go.seankhliao.com/testrepo0233 v0.1.0 h1:N151lFMUZr8+aFy1CEUv4Lfu7gL+nYiXtUWhalUksKM=
go.seankhliao.com/testrepo0233 v0.1.0/go.mod h1:MMIGFfdUIZkbNrXpGyJBWO5gEJFzcoKm2Zd8WK1ZoIQ=
